version = 1
revision = 1
requires-python = ">=3.12.0"

[[package]]
name = "astroid"
version = "3.3.9"
source = { registry = "https://pypi.org/simple" }
sdist = { url = "https://files.pythonhosted.org/packages/39/33/536530122a22a7504b159bccaf30a1f76aa19d23028bd8b5009eb9b2efea/astroid-3.3.9.tar.gz", hash = "sha256:622cc8e3048684aa42c820d9d218978021c3c3d174fb03a9f0d615921744f550", size = 398731 }
wheels = [
    { url = "https://files.pythonhosted.org/packages/de/80/c749efbd8eef5ea77c7d6f1956e8fbfb51963b7f93ef79647afd4d9886e3/astroid-3.3.9-py3-none-any.whl", hash = "sha256:d05bfd0acba96a7bd43e222828b7d9bc1e138aaeb0649707908d3702a9831248", size = 275339 },
]

[[package]]
name = "cfgv"
version = "3.4.0"
source = { registry = "https://pypi.org/simple" }
sdist = { url = "https://files.pythonhosted.org/packages/11/74/539e56497d9bd1d484fd863dd69cbbfa653cd2aa27abfe35653494d85e94/cfgv-3.4.0.tar.gz", hash = "sha256:e52591d4c5f5dead8e0f673fb16db7949d2cfb3f7da4582893288f0ded8fe560", size = 7114 }
wheels = [
    { url = "https://files.pythonhosted.org/packages/c5/55/51844dd50c4fc7a33b653bfaba4c2456f06955289ca770a5dbd5fd267374/cfgv-3.4.0-py2.py3-none-any.whl", hash = "sha256:b7265b1f29fd3316bfcd2b330d63d024f2bfd8bcb8b0272f8e19a504856c48f9", size = 7249 },
]

[[package]]
name = "colorama"
version = "0.4.6"
source = { registry = "https://pypi.org/simple" }
sdist = { url = "https://files.pythonhosted.org/packages/d8/53/6f443c9a4a8358a93a6792e2acffb9d9d5cb0a5cfd8802644b7b1c9a02e4/colorama-0.4.6.tar.gz", hash = "sha256:08695f5cb7ed6e0531a20572697297273c47b8cae5a63ffc6d6ed5c201be6e44", size = 27697 }
wheels = [
    { url = "https://files.pythonhosted.org/packages/d1/d6/3965ed04c63042e047cb6a3e6ed1a63a35087b6a609aa3a15ed8ac56c221/colorama-0.4.6-py2.py3-none-any.whl", hash = "sha256:4f1d9991f5acc0ca119f9d443620b77f9d6b33703e51011c16baf57afb285fc6", size = 25335 },
]

[[package]]
name = "covdefaults"
version = "2.3.0"
source = { registry = "https://pypi.org/simple" }
dependencies = [
    { name = "coverage" },
]
sdist = { url = "https://files.pythonhosted.org/packages/44/ee/9a6f2611f72e4c5657ae5542a510cf4164d2c673687c0ea73bb1cbd85b4d/covdefaults-2.3.0.tar.gz", hash = "sha256:4e99f679f12d792bc62e5510fa3eb59546ed47bd569e36e4fddc4081c9c3ebf7", size = 4835 }
wheels = [
    { url = "https://files.pythonhosted.org/packages/76/4c/823bc951445aa97e5a1b7e337690db3abf85212c8d138e170922e7916ac8/covdefaults-2.3.0-py2.py3-none-any.whl", hash = "sha256:2832961f6ffcfe4b57c338bc3418a3526f495c26fb9c54565409c5532f7c41be", size = 5144 },
]

[[package]]
name = "coverage"
version = "7.7.0"
source = { registry = "https://pypi.org/simple" }
sdist = { url = "https://files.pythonhosted.org/packages/02/36/465f5492443265e1278f9a82ffe6aeed3f1db779da0d6e7d4611a5cfb6af/coverage-7.7.0.tar.gz", hash = "sha256:cd879d4646055a573775a1cec863d00c9ff8c55860f8b17f6d8eee9140c06166", size = 809969 }
wheels = [
    { url = "https://files.pythonhosted.org/packages/b7/47/f7b870caa26082ff8033be074ac61dc175a6b0c965adf7b910f92a6d7cfe/coverage-7.7.0-cp312-cp312-macosx_10_13_x86_64.whl", hash = "sha256:056d3017ed67e7ddf266e6f57378ece543755a4c9231e997789ab3bd11392c94", size = 210907 },
    { url = "https://files.pythonhosted.org/packages/ea/eb/40b39bdc6c1da403257f0fcb2c1b2fd81ff9f66c13abbe3862f42780e1c1/coverage-7.7.0-cp312-cp312-macosx_11_0_arm64.whl", hash = "sha256:33c1394d8407e2771547583b66a85d07ed441ff8fae5a4adb4237ad39ece60db", size = 211162 },
    { url = "https://files.pythonhosted.org/packages/53/08/42a2db41b4646d6261122773e222dd7105e2306526f2d7846de6fee808ec/coverage-7.7.0-cp312-cp312-manylinux_2_17_aarch64.manylinux2014_aarch64.whl", hash = "sha256:4fbb7a0c3c21908520149d7751cf5b74eb9b38b54d62997b1e9b3ac19a8ee2fe", size = 245223 },
    { url = "https://files.pythonhosted.org/packages/78/2a/0ceb328a7e67e8639d5c7800b8161d4b5f489073ac8d5ac33b11eadee218/coverage-7.7.0-cp312-cp312-manylinux_2_5_i686.manylinux1_i686.manylinux_2_17_i686.manylinux2014_i686.whl", hash = "sha256:bb356e7ae7c2da13f404bf8f75be90f743c6df8d4607022e759f5d7d89fe83f8", size = 242114 },
    { url = "https://files.pythonhosted.org/packages/ba/68/42b13b849d40af1581830ff06c60f4ec84649764f4a58d5c6e20ae11cbd4/coverage-7.7.0-cp312-cp312-manylinux_2_5_x86_64.manylinux1_x86_64.manylinux_2_17_x86_64.manylinux2014_x86_64.whl", hash = "sha256:bce730d484038e97f27ea2dbe5d392ec5c2261f28c319a3bb266f6b213650135", size = 244371 },
    { url = "https://files.pythonhosted.org/packages/68/66/ab7c3b9fdbeb8bdd322f5b67b1886463834dba2014a534caba60fb0075ea/coverage-7.7.0-cp312-cp312-musllinux_1_2_aarch64.whl", hash = "sha256:aa4dff57fc21a575672176d5ab0ef15a927199e775c5e8a3d75162ab2b0c7705", size = 244134 },
    { url = "https://files.pythonhosted.org/packages/01/74/b833d299a479681957d6b238e16a0725586e1d56ec1e43658f3184550bb0/coverage-7.7.0-cp312-cp312-musllinux_1_2_i686.whl", hash = "sha256:b667b91f4f714b17af2a18e220015c941d1cf8b07c17f2160033dbe1e64149f0", size = 242353 },
    { url = "https://files.pythonhosted.org/packages/f9/c5/0ed656d65da39bbab8e8fc367dc3d465a7501fea0f2b1caccfb4f6361c9f/coverage-7.7.0-cp312-cp312-musllinux_1_2_x86_64.whl", hash = "sha256:693d921621a0c8043bfdc61f7d4df5ea6d22165fe8b807cac21eb80dd94e4bbd", size = 243543 },
    { url = "https://files.pythonhosted.org/packages/87/b5/142bcff3828e4cce5d4c9ddc9222de1664464263acca09638e4eb0dbda7c/coverage-7.7.0-cp312-cp312-win32.whl", hash = "sha256:52fc89602cde411a4196c8c6894afb384f2125f34c031774f82a4f2608c59d7d", size = 213543 },
    { url = "https://files.pythonhosted.org/packages/29/74/99d226985def03284bad6a9aff27a1079a8881ec7523b5980b00a5260527/coverage-7.7.0-cp312-cp312-win_amd64.whl", hash = "sha256:0ce8cf59e09d31a4915ff4c3b94c6514af4c84b22c4cc8ad7c3c546a86150a92", size = 214344 },
    { url = "https://files.pythonhosted.org/packages/45/2f/df6235ec963b9eb6b6b2f3c24f70448f1ffa13b9a481c155a6caff176395/coverage-7.7.0-cp313-cp313-macosx_10_13_x86_64.whl", hash = "sha256:4545485fef7a8a2d8f30e6f79ce719eb154aab7e44217eb444c1d38239af2072", size = 210934 },
    { url = "https://files.pythonhosted.org/packages/f3/85/ff19510bf642e334845318ddb73a550d2b17082831fa9ae053ce72288be7/coverage-7.7.0-cp313-cp313-macosx_11_0_arm64.whl", hash = "sha256:1393e5aa9441dafb0162c36c8506c648b89aea9565b31f6bfa351e66c11bcd82", size = 211212 },
    { url = "https://files.pythonhosted.org/packages/2d/6a/af6582a419550d35eacc3e1bf9f4a936dda0ae559632a0bc4e3aef694ac8/coverage-7.7.0-cp313-cp313-manylinux_2_17_aarch64.manylinux2014_aarch64.whl", hash = "sha256:316f29cc3392fa3912493ee4c83afa4a0e2db04ff69600711f8c03997c39baaa", size = 244727 },
    { url = "https://files.pythonhosted.org/packages/55/62/7c49526111c91f3d7d27e111c22c8d08722f5b661c3f031b625b4d7bc4d9/coverage-7.7.0-cp313-cp313-manylinux_2_5_i686.manylinux1_i686.manylinux_2_17_i686.manylinux2014_i686.whl", hash = "sha256:e1ffde1d6bc2a92f9c9207d1ad808550873748ac2d4d923c815b866baa343b3f", size = 241768 },
    { url = "https://files.pythonhosted.org/packages/62/4b/2dc27700782be9795cbbbe98394dd19ef74815d78d5027ed894972cd1b4a/coverage-7.7.0-cp313-cp313-manylinux_2_5_x86_64.manylinux1_x86_64.manylinux_2_17_x86_64.manylinux2014_x86_64.whl", hash = "sha256:416e2a8845eaff288f97eaf76ab40367deafb9073ffc47bf2a583f26b05e5265", size = 243790 },
    { url = "https://files.pythonhosted.org/packages/d3/11/9cc1ae56d3015edca69437f3121c2b44de309f6828980b29e4cc9b13246d/coverage-7.7.0-cp313-cp313-musllinux_1_2_aarch64.whl", hash = "sha256:5efdeff5f353ed3352c04e6b318ab05c6ce9249c25ed3c2090c6e9cadda1e3b2", size = 243861 },
    { url = "https://files.pythonhosted.org/packages/db/e4/2398ed93edcf42ff43002d91c37be11514d825cec382606654fd44f4b8fa/coverage-7.7.0-cp313-cp313-musllinux_1_2_i686.whl", hash = "sha256:57f3bd0d29bf2bd9325c0ff9cc532a175110c4bf8f412c05b2405fd35745266d", size = 241942 },
    { url = "https://files.pythonhosted.org/packages/ec/fe/b6bd35b17a2b8d26bdb21d5ea4351a837ec01edf552655e833629af05b90/coverage-7.7.0-cp313-cp313-musllinux_1_2_x86_64.whl", hash = "sha256:3ab7090f04b12dc6469882ce81244572779d3a4b67eea1c96fb9ecc8c607ef39", size = 243228 },
    { url = "https://files.pythonhosted.org/packages/6d/06/d8701bae1e5d865edeb00a6c2a71bd7659ca6af349789271c6fd16a57909/coverage-7.7.0-cp313-cp313-win32.whl", hash = "sha256:180e3fc68ee4dc5af8b33b6ca4e3bb8aa1abe25eedcb958ba5cff7123071af68", size = 213572 },
    { url = "https://files.pythonhosted.org/packages/d7/c1/7e67780bfcaed6bed20100c9e1b2645e3414577b4bdad169578325249045/coverage-7.7.0-cp313-cp313-win_amd64.whl", hash = "sha256:55143aa13c49491f5606f05b49ed88663446dce3a4d3c5d77baa4e36a16d3573", size = 214372 },
    { url = "https://files.pythonhosted.org/packages/ed/25/50b0447442a415ad3da33093c589d9ef945dd6933225f1ce0ac97476397e/coverage-7.7.0-cp313-cp313t-macosx_10_13_x86_64.whl", hash = "sha256:cc41374d2f27d81d6558f8a24e5c114580ffefc197fd43eabd7058182f743322", size = 211774 },
    { url = "https://files.pythonhosted.org/packages/13/cc/3daddc707e934d3c0aafaa4a9b217f53fcf4133d4e40cc6ae63aa51243b8/coverage-7.7.0-cp313-cp313t-macosx_11_0_arm64.whl", hash = "sha256:89078312f06237417adda7c021c33f80f7a6d2db8572a5f6c330d89b080061ce", size = 211995 },
    { url = "https://files.pythonhosted.org/packages/98/99/c92f43355d3d67f6bf8c946a350f2174e18f9ea7c8a1e36c9eb84ab7d20b/coverage-7.7.0-cp313-cp313t-manylinux_2_17_aarch64.manylinux2014_aarch64.whl", hash = "sha256:5b2f144444879363ea8834cd7b6869d79ac796cb8f864b0cfdde50296cd95816", size = 256226 },
    { url = "https://files.pythonhosted.org/packages/25/62/65f0f33c08e0a1632f1e487b9c2d252e8bad6a77a942836043972b0ba6d2/coverage-7.7.0-cp313-cp313t-manylinux_2_5_i686.manylinux1_i686.manylinux_2_17_i686.manylinux2014_i686.whl", hash = "sha256:60e6347d1ed882b1159ffea172cb8466ee46c665af4ca397edbf10ff53e9ffaf", size = 251937 },
    { url = "https://files.pythonhosted.org/packages/b2/10/99a9565aaeb159aade178c6509c8324a9c9e825b01f02242a37c2a8869f8/coverage-7.7.0-cp313-cp313t-manylinux_2_5_x86_64.manylinux1_x86_64.manylinux_2_17_x86_64.manylinux2014_x86_64.whl", hash = "sha256:cb203c0afffaf1a8f5b9659a013f8f16a1b2cad3a80a8733ceedc968c0cf4c57", size = 254276 },
    { url = "https://files.pythonhosted.org/packages/a7/12/206196edbf0b82250b11bf5c252fe25ebaa2b7c8d66edb0c194e7b3403fe/coverage-7.7.0-cp313-cp313t-musllinux_1_2_aarch64.whl", hash = "sha256:ad0edaa97cb983d9f2ff48cadddc3e1fb09f24aa558abeb4dc9a0dbacd12cbb4", size = 255366 },
    { url = "https://files.pythonhosted.org/packages/a5/82/a2abb8d4cdd99c6a443ab6682c0eee5797490a2113a45ffaa8b6b31c5dcc/coverage-7.7.0-cp313-cp313t-musllinux_1_2_i686.whl", hash = "sha256:c5f8a5364fc37b2f172c26a038bc7ec4885f429de4a05fc10fdcb53fb5834c5c", size = 253536 },
    { url = "https://files.pythonhosted.org/packages/4d/7d/3747e000e60ad5dd8157bd978f99979967d56cb35c55235980c85305db86/coverage-7.7.0-cp313-cp313t-musllinux_1_2_x86_64.whl", hash = "sha256:c4e09534037933bf6eb31d804e72c52ec23219b32c1730f9152feabbd7499463", size = 254344 },
    { url = "https://files.pythonhosted.org/packages/45/56/7c33f8a6de1b3b079374d2ae490ccf76fb7c094a23f72d10f071989fc3ef/coverage-7.7.0-cp313-cp313t-win32.whl", hash = "sha256:1b336d06af14f8da5b1f391e8dec03634daf54dfcb4d1c4fb6d04c09d83cef90", size = 214284 },
    { url = "https://files.pythonhosted.org/packages/95/ab/657bfa6171800a67bd1c005402f06d6b78610820ef1364ea4f85b04bbb5b/coverage-7.7.0-cp313-cp313t-win_amd64.whl", hash = "sha256:b54a1ee4c6f1905a436cbaa04b26626d27925a41cbc3a337e2d3ff7038187f07", size = 215445 },
    { url = "https://files.pythonhosted.org/packages/2a/ac/60f409a448e5b0e9b8539716f683568aa5848c1be903cdbbc805a552cdf8/coverage-7.7.0-py3-none-any.whl", hash = "sha256:708f0a1105ef2b11c79ed54ed31f17e6325ac936501fc373f24be3e6a578146a", size = 202803 },
]

[[package]]
name = "dill"
version = "0.3.9"
source = { registry = "https://pypi.org/simple" }
sdist = { url = "https://files.pythonhosted.org/packages/70/43/86fe3f9e130c4137b0f1b50784dd70a5087b911fe07fa81e53e0c4c47fea/dill-0.3.9.tar.gz", hash = "sha256:81aa267dddf68cbfe8029c42ca9ec6a4ab3b22371d1c450abc54422577b4512c", size = 187000 }
wheels = [
    { url = "https://files.pythonhosted.org/packages/46/d1/e73b6ad76f0b1fb7f23c35c6d95dbc506a9c8804f43dda8cb5b0fa6331fd/dill-0.3.9-py3-none-any.whl", hash = "sha256:468dff3b89520b474c0397703366b7b95eebe6303f108adf9b19da1f702be87a", size = 119418 },
]

[[package]]
name = "distlib"
version = "0.3.9"
source = { registry = "https://pypi.org/simple" }
sdist = { url = "https://files.pythonhosted.org/packages/0d/dd/1bec4c5ddb504ca60fc29472f3d27e8d4da1257a854e1d96742f15c1d02d/distlib-0.3.9.tar.gz", hash = "sha256:a60f20dea646b8a33f3e7772f74dc0b2d0772d2837ee1342a00645c81edf9403", size = 613923 }
wheels = [
    { url = "https://files.pythonhosted.org/packages/91/a1/cf2472db20f7ce4a6be1253a81cfdf85ad9c7885ffbed7047fb72c24cf87/distlib-0.3.9-py2.py3-none-any.whl", hash = "sha256:47f8c22fd27c27e25a65601af709b38e4f0a45ea4fc2e710f65755fa8caaaf87", size = 468973 },
]

[[package]]
name = "filelock"
version = "3.18.0"
source = { registry = "https://pypi.org/simple" }
sdist = { url = "https://files.pythonhosted.org/packages/0a/10/c23352565a6544bdc5353e0b15fc1c563352101f30e24bf500207a54df9a/filelock-3.18.0.tar.gz", hash = "sha256:adbc88eabb99d2fec8c9c1b229b171f18afa655400173ddc653d5d01501fb9f2", size = 18075 }
wheels = [
    { url = "https://files.pythonhosted.org/packages/4d/36/2a115987e2d8c300a974597416d9de88f2444426de9571f4b59b2cca3acc/filelock-3.18.0-py3-none-any.whl", hash = "sha256:c401f4f8377c4464e6db25fff06205fd89bdd83b65eb0488ed1b160f780e21de", size = 16215 },
]

[[package]]
name = "identify"
version = "2.6.9"
source = { registry = "https://pypi.org/simple" }
sdist = { url = "https://files.pythonhosted.org/packages/9b/98/a71ab060daec766acc30fb47dfca219d03de34a70d616a79a38c6066c5bf/identify-2.6.9.tar.gz", hash = "sha256:d40dfe3142a1421d8518e3d3985ef5ac42890683e32306ad614a29490abeb6bf", size = 99249 }
wheels = [
    { url = "https://files.pythonhosted.org/packages/07/ce/0845144ed1f0e25db5e7a79c2354c1da4b5ce392b8966449d5db8dca18f1/identify-2.6.9-py2.py3-none-any.whl", hash = "sha256:c98b4322da415a8e5a70ff6e51fbc2d2932c015532d77e9f8537b4ba7813b150", size = 99101 },
]

[[package]]
name = "iniconfig"
version = "2.0.0"
source = { registry = "https://pypi.org/simple" }
sdist = { url = "https://files.pythonhosted.org/packages/d7/4b/cbd8e699e64a6f16ca3a8220661b5f83792b3017d0f79807cb8708d33913/iniconfig-2.0.0.tar.gz", hash = "sha256:2d91e135bf72d31a410b17c16da610a82cb55f6b0477d1a902134b24a455b8b3", size = 4646 }
wheels = [
    { url = "https://files.pythonhosted.org/packages/ef/a6/62565a6e1cf69e10f5727360368e451d4b7f58beeac6173dc9db836a5b46/iniconfig-2.0.0-py3-none-any.whl", hash = "sha256:b6a85871a79d2e3b22d2d1b94ac2824226a63c6b741c88f7ae975f18b6778374", size = 5892 },
]

[[package]]
name = "isort"
version = "6.0.1"
source = { registry = "https://pypi.org/simple" }
sdist = { url = "https://files.pythonhosted.org/packages/b8/21/1e2a441f74a653a144224d7d21afe8f4169e6c7c20bb13aec3a2dc3815e0/isort-6.0.1.tar.gz", hash = "sha256:1cb5df28dfbc742e490c5e41bad6da41b805b0a8be7bc93cd0fb2a8a890ac450", size = 821955 }
wheels = [
    { url = "https://files.pythonhosted.org/packages/c1/11/114d0a5f4dabbdcedc1125dee0888514c3c3b16d3e9facad87ed96fad97c/isort-6.0.1-py3-none-any.whl", hash = "sha256:2dc5d7f65c9678d94c88dfc29161a320eec67328bc97aad576874cb4be1e9615", size = 94186 },
]

[[package]]
name = "mashumaro"
version = "3.15"
source = { registry = "https://pypi.org/simple" }
dependencies = [
    { name = "typing-extensions" },
]
sdist = { url = "https://files.pythonhosted.org/packages/f3/c1/7b687c8b993202e2eb49e559b25599d8e85f1b6d92ce676c8801226b8bdf/mashumaro-3.15.tar.gz", hash = "sha256:32a2a38a1e942a07f2cbf9c3061cb2a247714ee53e36a5958548b66bd116d0a9", size = 188646 }
wheels = [
    { url = "https://files.pythonhosted.org/packages/f9/59/595eabaa779c87a72d65864351e0fdd2359d7d73967d5ed9f2f0c6186fa3/mashumaro-3.15-py3-none-any.whl", hash = "sha256:cdd45ef5a4d09860846a3ee37a4c2f5f4bc70eb158caa55648c4c99451ca6c4c", size = 93761 },
]

[[package]]
name = "mccabe"
version = "0.7.0"
source = { registry = "https://pypi.org/simple" }
sdist = { url = "https://files.pythonhosted.org/packages/e7/ff/0ffefdcac38932a54d2b5eed4e0ba8a408f215002cd178ad1df0f2806ff8/mccabe-0.7.0.tar.gz", hash = "sha256:348e0240c33b60bbdf4e523192ef919f28cb2c3d7d5c7794f74009290f236325", size = 9658 }
wheels = [
    { url = "https://files.pythonhosted.org/packages/27/1a/1f68f9ba0c207934b35b86a8ca3aad8395a3d6dd7921c0686e23853ff5a9/mccabe-0.7.0-py2.py3-none-any.whl", hash = "sha256:6c2d30ab6be0e4a46919781807b4f0d834ebdd6c6e3dca0bda5a15f863427b6e", size = 7350 },
]

[[package]]
name = "mypy"
version = "1.15.0"
source = { registry = "https://pypi.org/simple" }
dependencies = [
    { name = "mypy-extensions" },
    { name = "typing-extensions" },
]
sdist = { url = "https://files.pythonhosted.org/packages/ce/43/d5e49a86afa64bd3839ea0d5b9c7103487007d728e1293f52525d6d5486a/mypy-1.15.0.tar.gz", hash = "sha256:404534629d51d3efea5c800ee7c42b72a6554d6c400e6a79eafe15d11341fd43", size = 3239717 }
wheels = [
    { url = "https://files.pythonhosted.org/packages/98/3a/03c74331c5eb8bd025734e04c9840532226775c47a2c39b56a0c8d4f128d/mypy-1.15.0-cp312-cp312-macosx_10_13_x86_64.whl", hash = "sha256:aea39e0583d05124836ea645f412e88a5c7d0fd77a6d694b60d9b6b2d9f184fd", size = 10793981 },
    { url = "https://files.pythonhosted.org/packages/f0/1a/41759b18f2cfd568848a37c89030aeb03534411eef981df621d8fad08a1d/mypy-1.15.0-cp312-cp312-macosx_11_0_arm64.whl", hash = "sha256:2f2147ab812b75e5b5499b01ade1f4a81489a147c01585cda36019102538615f", size = 9749175 },
    { url = "https://files.pythonhosted.org/packages/12/7e/873481abf1ef112c582db832740f4c11b2bfa510e829d6da29b0ab8c3f9c/mypy-1.15.0-cp312-cp312-manylinux_2_17_aarch64.manylinux2014_aarch64.manylinux_2_28_aarch64.whl", hash = "sha256:ce436f4c6d218a070048ed6a44c0bbb10cd2cc5e272b29e7845f6a2f57ee4464", size = 11455675 },
    { url = "https://files.pythonhosted.org/packages/b3/d0/92ae4cde706923a2d3f2d6c39629134063ff64b9dedca9c1388363da072d/mypy-1.15.0-cp312-cp312-manylinux_2_17_x86_64.manylinux2014_x86_64.manylinux_2_28_x86_64.whl", hash = "sha256:8023ff13985661b50a5928fc7a5ca15f3d1affb41e5f0a9952cb68ef090b31ee", size = 12410020 },
    { url = "https://files.pythonhosted.org/packages/46/8b/df49974b337cce35f828ba6fda228152d6db45fed4c86ba56ffe442434fd/mypy-1.15.0-cp312-cp312-musllinux_1_2_x86_64.whl", hash = "sha256:1124a18bc11a6a62887e3e137f37f53fbae476dc36c185d549d4f837a2a6a14e", size = 12498582 },
    { url = "https://files.pythonhosted.org/packages/13/50/da5203fcf6c53044a0b699939f31075c45ae8a4cadf538a9069b165c1050/mypy-1.15.0-cp312-cp312-win_amd64.whl", hash = "sha256:171a9ca9a40cd1843abeca0e405bc1940cd9b305eaeea2dda769ba096932bb22", size = 9366614 },
    { url = "https://files.pythonhosted.org/packages/6a/9b/fd2e05d6ffff24d912f150b87db9e364fa8282045c875654ce7e32fffa66/mypy-1.15.0-cp313-cp313-macosx_10_13_x86_64.whl", hash = "sha256:93faf3fdb04768d44bf28693293f3904bbb555d076b781ad2530214ee53e3445", size = 10788592 },
    { url = "https://files.pythonhosted.org/packages/74/37/b246d711c28a03ead1fd906bbc7106659aed7c089d55fe40dd58db812628/mypy-1.15.0-cp313-cp313-macosx_11_0_arm64.whl", hash = "sha256:811aeccadfb730024c5d3e326b2fbe9249bb7413553f15499a4050f7c30e801d", size = 9753611 },
    { url = "https://files.pythonhosted.org/packages/a6/ac/395808a92e10cfdac8003c3de9a2ab6dc7cde6c0d2a4df3df1b815ffd067/mypy-1.15.0-cp313-cp313-manylinux_2_17_aarch64.manylinux2014_aarch64.manylinux_2_28_aarch64.whl", hash = "sha256:98b7b9b9aedb65fe628c62a6dc57f6d5088ef2dfca37903a7d9ee374d03acca5", size = 11438443 },
    { url = "https://files.pythonhosted.org/packages/d2/8b/801aa06445d2de3895f59e476f38f3f8d610ef5d6908245f07d002676cbf/mypy-1.15.0-cp313-cp313-manylinux_2_17_x86_64.manylinux2014_x86_64.manylinux_2_28_x86_64.whl", hash = "sha256:c43a7682e24b4f576d93072216bf56eeff70d9140241f9edec0c104d0c515036", size = 12402541 },
    { url = "https://files.pythonhosted.org/packages/c7/67/5a4268782eb77344cc613a4cf23540928e41f018a9a1ec4c6882baf20ab8/mypy-1.15.0-cp313-cp313-musllinux_1_2_x86_64.whl", hash = "sha256:baefc32840a9f00babd83251560e0ae1573e2f9d1b067719479bfb0e987c6357", size = 12494348 },
    { url = "https://files.pythonhosted.org/packages/83/3e/57bb447f7bbbfaabf1712d96f9df142624a386d98fb026a761532526057e/mypy-1.15.0-cp313-cp313-win_amd64.whl", hash = "sha256:b9378e2c00146c44793c98b8d5a61039a048e31f429fb0eb546d93f4b000bedf", size = 9373648 },
    { url = "https://files.pythonhosted.org/packages/09/4e/a7d65c7322c510de2c409ff3828b03354a7c43f5a8ed458a7a131b41c7b9/mypy-1.15.0-py3-none-any.whl", hash = "sha256:5469affef548bd1895d86d3bf10ce2b44e33d86923c29e4d675b3e323437ea3e", size = 2221777 },
]

[[package]]
name = "mypy-extensions"
version = "1.0.0"
source = { registry = "https://pypi.org/simple" }
sdist = { url = "https://files.pythonhosted.org/packages/98/a4/1ab47638b92648243faf97a5aeb6ea83059cc3624972ab6b8d2316078d3f/mypy_extensions-1.0.0.tar.gz", hash = "sha256:75dbf8955dc00442a438fc4d0666508a9a97b6bd41aa2f0ffe9d2f2725af0782", size = 4433 }
wheels = [
    { url = "https://files.pythonhosted.org/packages/2a/e2/5d3f6ada4297caebe1a2add3b126fe800c96f56dbe5d1988a2cbe0b267aa/mypy_extensions-1.0.0-py3-none-any.whl", hash = "sha256:4392f6c0eb8a5668a69e23d168ffa70f0be9ccfd32b5cc2d26a34ae5b844552d", size = 4695 },
]

[[package]]
name = "nodeenv"
version = "1.9.1"
source = { registry = "https://pypi.org/simple" }
sdist = { url = "https://files.pythonhosted.org/packages/43/16/fc88b08840de0e0a72a2f9d8c6bae36be573e475a6326ae854bcc549fc45/nodeenv-1.9.1.tar.gz", hash = "sha256:6ec12890a2dab7946721edbfbcd91f3319c6ccc9aec47be7c7e6b7011ee6645f", size = 47437 }
wheels = [
    { url = "https://files.pythonhosted.org/packages/d2/1d/1b658dbd2b9fa9c4c9f32accbfc0205d532c8c6194dc0f2a4c0428e7128a/nodeenv-1.9.1-py2.py3-none-any.whl", hash = "sha256:ba11c9782d29c27c70ffbdda2d7415098754709be8a7056d79a737cd901155c9", size = 22314 },
]

[[package]]
name = "orjson"
version = "3.10.15"
source = { registry = "https://pypi.org/simple" }
sdist = { url = "https://files.pythonhosted.org/packages/ae/f9/5dea21763eeff8c1590076918a446ea3d6140743e0e36f58f369928ed0f4/orjson-3.10.15.tar.gz", hash = "sha256:05ca7fe452a2e9d8d9d706a2984c95b9c2ebc5db417ce0b7a49b91d50642a23e", size = 5282482 }
wheels = [
    { url = "https://files.pythonhosted.org/packages/66/85/22fe737188905a71afcc4bf7cc4c79cd7f5bbe9ed1fe0aac4ce4c33edc30/orjson-3.10.15-cp312-cp312-macosx_10_15_x86_64.macosx_11_0_arm64.macosx_10_15_universal2.whl", hash = "sha256:9d11c0714fc85bfcf36ada1179400862da3288fc785c30e8297844c867d7505a", size = 249504 },
    { url = "https://files.pythonhosted.org/packages/48/b7/2622b29f3afebe938a0a9037e184660379797d5fd5234e5998345d7a5b43/orjson-3.10.15-cp312-cp312-manylinux_2_17_aarch64.manylinux2014_aarch64.whl", hash = "sha256:dba5a1e85d554e3897fa9fe6fbcff2ed32d55008973ec9a2b992bd9a65d2352d", size = 125080 },
    { url = "https://files.pythonhosted.org/packages/ce/8f/0b72a48f4403d0b88b2a41450c535b3e8989e8a2d7800659a967efc7c115/orjson-3.10.15-cp312-cp312-manylinux_2_17_armv7l.manylinux2014_armv7l.whl", hash = "sha256:7723ad949a0ea502df656948ddd8b392780a5beaa4c3b5f97e525191b102fff0", size = 150121 },
    { url = "https://files.pythonhosted.org/packages/06/ec/acb1a20cd49edb2000be5a0404cd43e3c8aad219f376ac8c60b870518c03/orjson-3.10.15-cp312-cp312-manylinux_2_17_ppc64le.manylinux2014_ppc64le.whl", hash = "sha256:6fd9bc64421e9fe9bd88039e7ce8e58d4fead67ca88e3a4014b143cec7684fd4", size = 139796 },
    { url = "https://files.pythonhosted.org/packages/33/e1/f7840a2ea852114b23a52a1c0b2bea0a1ea22236efbcdb876402d799c423/orjson-3.10.15-cp312-cp312-manylinux_2_17_s390x.manylinux2014_s390x.whl", hash = "sha256:dadba0e7b6594216c214ef7894c4bd5f08d7c0135f4dd0145600be4fbcc16767", size = 154636 },
    { url = "https://files.pythonhosted.org/packages/fa/da/31543337febd043b8fa80a3b67de627669b88c7b128d9ad4cc2ece005b7a/orjson-3.10.15-cp312-cp312-manylinux_2_17_x86_64.manylinux2014_x86_64.whl", hash = "sha256:b48f59114fe318f33bbaee8ebeda696d8ccc94c9e90bc27dbe72153094e26f41", size = 130621 },
    { url = "https://files.pythonhosted.org/packages/ed/78/66115dc9afbc22496530d2139f2f4455698be444c7c2475cb48f657cefc9/orjson-3.10.15-cp312-cp312-manylinux_2_5_i686.manylinux1_i686.whl", hash = "sha256:035fb83585e0f15e076759b6fedaf0abb460d1765b6a36f48018a52858443514", size = 138516 },
    { url = "https://files.pythonhosted.org/packages/22/84/cd4f5fb5427ffcf823140957a47503076184cb1ce15bcc1165125c26c46c/orjson-3.10.15-cp312-cp312-musllinux_1_2_aarch64.whl", hash = "sha256:d13b7fe322d75bf84464b075eafd8e7dd9eae05649aa2a5354cfa32f43c59f17", size = 130762 },
    { url = "https://files.pythonhosted.org/packages/93/1f/67596b711ba9f56dd75d73b60089c5c92057f1130bb3a25a0f53fb9a583b/orjson-3.10.15-cp312-cp312-musllinux_1_2_armv7l.whl", hash = "sha256:7066b74f9f259849629e0d04db6609db4cf5b973248f455ba5d3bd58a4daaa5b", size = 414700 },
    { url = "https://files.pythonhosted.org/packages/7c/0c/6a3b3271b46443d90efb713c3e4fe83fa8cd71cda0d11a0f69a03f437c6e/orjson-3.10.15-cp312-cp312-musllinux_1_2_i686.whl", hash = "sha256:88dc3f65a026bd3175eb157fea994fca6ac7c4c8579fc5a86fc2114ad05705b7", size = 141077 },
    { url = "https://files.pythonhosted.org/packages/3b/9b/33c58e0bfc788995eccd0d525ecd6b84b40d7ed182dd0751cd4c1322ac62/orjson-3.10.15-cp312-cp312-musllinux_1_2_x86_64.whl", hash = "sha256:b342567e5465bd99faa559507fe45e33fc76b9fb868a63f1642c6bc0735ad02a", size = 129898 },
    { url = "https://files.pythonhosted.org/packages/01/c1/d577ecd2e9fa393366a1ea0a9267f6510d86e6c4bb1cdfb9877104cac44c/orjson-3.10.15-cp312-cp312-win32.whl", hash = "sha256:0a4f27ea5617828e6b58922fdbec67b0aa4bb844e2d363b9244c47fa2180e665", size = 142566 },
    { url = "https://files.pythonhosted.org/packages/ed/eb/a85317ee1732d1034b92d56f89f1de4d7bf7904f5c8fb9dcdd5b1c83917f/orjson-3.10.15-cp312-cp312-win_amd64.whl", hash = "sha256:ef5b87e7aa9545ddadd2309efe6824bd3dd64ac101c15dae0f2f597911d46eaa", size = 133732 },
    { url = "https://files.pythonhosted.org/packages/06/10/fe7d60b8da538e8d3d3721f08c1b7bff0491e8fa4dd3bf11a17e34f4730e/orjson-3.10.15-cp313-cp313-macosx_10_15_x86_64.macosx_11_0_arm64.macosx_10_15_universal2.whl", hash = "sha256:bae0e6ec2b7ba6895198cd981b7cca95d1487d0147c8ed751e5632ad16f031a6", size = 249399 },
    { url = "https://files.pythonhosted.org/packages/6b/83/52c356fd3a61abd829ae7e4366a6fe8e8863c825a60d7ac5156067516edf/orjson-3.10.15-cp313-cp313-manylinux_2_17_aarch64.manylinux2014_aarch64.whl", hash = "sha256:f93ce145b2db1252dd86af37d4165b6faa83072b46e3995ecc95d4b2301b725a", size = 125044 },
    { url = "https://files.pythonhosted.org/packages/55/b2/d06d5901408e7ded1a74c7c20d70e3a127057a6d21355f50c90c0f337913/orjson-3.10.15-cp313-cp313-manylinux_2_17_armv7l.manylinux2014_armv7l.whl", hash = "sha256:7c203f6f969210128af3acae0ef9ea6aab9782939f45f6fe02d05958fe761ef9", size = 150066 },
    { url = "https://files.pythonhosted.org/packages/75/8c/60c3106e08dc593a861755781c7c675a566445cc39558677d505878d879f/orjson-3.10.15-cp313-cp313-manylinux_2_17_ppc64le.manylinux2014_ppc64le.whl", hash = "sha256:8918719572d662e18b8af66aef699d8c21072e54b6c82a3f8f6404c1f5ccd5e0", size = 139737 },
    { url = "https://files.pythonhosted.org/packages/6a/8c/ae00d7d0ab8a4490b1efeb01ad4ab2f1982e69cc82490bf8093407718ff5/orjson-3.10.15-cp313-cp313-manylinux_2_17_s390x.manylinux2014_s390x.whl", hash = "sha256:f71eae9651465dff70aa80db92586ad5b92df46a9373ee55252109bb6b703307", size = 154804 },
    { url = "https://files.pythonhosted.org/packages/22/86/65dc69bd88b6dd254535310e97bc518aa50a39ef9c5a2a5d518e7a223710/orjson-3.10.15-cp313-cp313-manylinux_2_17_x86_64.manylinux2014_x86_64.whl", hash = "sha256:e117eb299a35f2634e25ed120c37c641398826c2f5a3d3cc39f5993b96171b9e", size = 130583 },
    { url = "https://files.pythonhosted.org/packages/bb/00/6fe01ededb05d52be42fabb13d93a36e51f1fd9be173bd95707d11a8a860/orjson-3.10.15-cp313-cp313-manylinux_2_5_i686.manylinux1_i686.whl", hash = "sha256:13242f12d295e83c2955756a574ddd6741c81e5b99f2bef8ed8d53e47a01e4b7", size = 138465 },
    { url = "https://files.pythonhosted.org/packages/db/2f/4cc151c4b471b0cdc8cb29d3eadbce5007eb0475d26fa26ed123dca93b33/orjson-3.10.15-cp313-cp313-musllinux_1_2_aarch64.whl", hash = "sha256:7946922ada8f3e0b7b958cc3eb22cfcf6c0df83d1fe5521b4a100103e3fa84c8", size = 130742 },
    { url = "https://files.pythonhosted.org/packages/9f/13/8a6109e4b477c518498ca37963d9c0eb1508b259725553fb53d53b20e2ea/orjson-3.10.15-cp313-cp313-musllinux_1_2_armv7l.whl", hash = "sha256:b7155eb1623347f0f22c38c9abdd738b287e39b9982e1da227503387b81b34ca", size = 414669 },
    { url = "https://files.pythonhosted.org/packages/22/7b/1d229d6d24644ed4d0a803de1b0e2df832032d5beda7346831c78191b5b2/orjson-3.10.15-cp313-cp313-musllinux_1_2_i686.whl", hash = "sha256:208beedfa807c922da4e81061dafa9c8489c6328934ca2a562efa707e049e561", size = 141043 },
    { url = "https://files.pythonhosted.org/packages/cc/d3/6dc91156cf12ed86bed383bcb942d84d23304a1e57b7ab030bf60ea130d6/orjson-3.10.15-cp313-cp313-musllinux_1_2_x86_64.whl", hash = "sha256:eca81f83b1b8c07449e1d6ff7074e82e3fd6777e588f1a6632127f286a968825", size = 129826 },
    { url = "https://files.pythonhosted.org/packages/b3/38/c47c25b86f6996f1343be721b6ea4367bc1c8bc0fc3f6bbcd995d18cb19d/orjson-3.10.15-cp313-cp313-win32.whl", hash = "sha256:c03cd6eea1bd3b949d0d007c8d57049aa2b39bd49f58b4b2af571a5d3833d890", size = 142542 },
    { url = "https://files.pythonhosted.org/packages/27/f1/1d7ec15b20f8ce9300bc850de1e059132b88990e46cd0ccac29cbf11e4f9/orjson-3.10.15-cp313-cp313-win_amd64.whl", hash = "sha256:fd56a26a04f6ba5fb2045b0acc487a63162a958ed837648c5781e1fe3316cfbf", size = 133444 },
]

[[package]]
name = "packaging"
version = "24.2"
source = { registry = "https://pypi.org/simple" }
sdist = { url = "https://files.pythonhosted.org/packages/d0/63/68dbb6eb2de9cb10ee4c9c14a0148804425e13c4fb20d61cce69f53106da/packaging-24.2.tar.gz", hash = "sha256:c228a6dc5e932d346bc5739379109d49e8853dd8223571c7c5b55260edc0b97f", size = 163950 }
wheels = [
    { url = "https://files.pythonhosted.org/packages/88/ef/eb23f262cca3c0c4eb7ab1933c3b1f03d021f2c48f54763065b6f0e321be/packaging-24.2-py3-none-any.whl", hash = "sha256:09abb1bccd265c01f4a3aa3f7a7db064b36514d2cba19a2f694fe6150451a759", size = 65451 },
]

[[package]]
name = "platformdirs"
version = "4.3.6"
source = { registry = "https://pypi.org/simple" }
sdist = { url = "https://files.pythonhosted.org/packages/13/fc/128cc9cb8f03208bdbf93d3aa862e16d376844a14f9a0ce5cf4507372de4/platformdirs-4.3.6.tar.gz", hash = "sha256:357fb2acbc885b0419afd3ce3ed34564c13c9b95c89360cd9563f73aa5e2b907", size = 21302 }
wheels = [
    { url = "https://files.pythonhosted.org/packages/3c/a6/bc1012356d8ece4d66dd75c4b9fc6c1f6650ddd5991e421177d9f8f671be/platformdirs-4.3.6-py3-none-any.whl", hash = "sha256:73e575e1408ab8103900836b97580d5307456908a03e92031bab39e4554cc3fb", size = 18439 },
]

[[package]]
name = "pluggy"
version = "1.5.0"
source = { registry = "https://pypi.org/simple" }
sdist = { url = "https://files.pythonhosted.org/packages/96/2d/02d4312c973c6050a18b314a5ad0b3210edb65a906f868e31c111dede4a6/pluggy-1.5.0.tar.gz", hash = "sha256:2cffa88e94fdc978c4c574f15f9e59b7f4201d439195c3715ca9e2486f1d0cf1", size = 67955 }
wheels = [
    { url = "https://files.pythonhosted.org/packages/88/5f/e351af9a41f866ac3f1fac4ca0613908d9a41741cfcf2228f4ad853b697d/pluggy-1.5.0-py3-none-any.whl", hash = "sha256:44e1ad92c8ca002de6377e165f3e0f1be63266ab4d554740532335b9d75ea669", size = 20556 },
]

[[package]]
name = "pre-commit"
version = "4.1.0"
source = { registry = "https://pypi.org/simple" }
dependencies = [
    { name = "cfgv" },
    { name = "identify" },
    { name = "nodeenv" },
    { name = "pyyaml" },
    { name = "virtualenv" },
]
sdist = { url = "https://files.pythonhosted.org/packages/2a/13/b62d075317d8686071eb843f0bb1f195eb332f48869d3c31a4c6f1e063ac/pre_commit-4.1.0.tar.gz", hash = "sha256:ae3f018575a588e30dfddfab9a05448bfbd6b73d78709617b5a2b853549716d4", size = 193330 }
wheels = [
    { url = "https://files.pythonhosted.org/packages/43/b3/df14c580d82b9627d173ceea305ba898dca135feb360b6d84019d0803d3b/pre_commit-4.1.0-py2.py3-none-any.whl", hash = "sha256:d29e7cb346295bcc1cc75fc3e92e343495e3ea0196c9ec6ba53f49f10ab6ae7b", size = 220560 },
]

[[package]]
name = "pylint"
version = "3.3.5"
source = { registry = "https://pypi.org/simple" }
dependencies = [
    { name = "astroid" },
    { name = "colorama", marker = "sys_platform == 'win32'" },
    { name = "dill" },
    { name = "isort" },
    { name = "mccabe" },
    { name = "platformdirs" },
    { name = "tomlkit" },
]
sdist = { url = "https://files.pythonhosted.org/packages/d5/e7/3616e8caa61f918c4864db075800a6bd7422621618045c188fd45c3f7a2b/pylint-3.3.5.tar.gz", hash = "sha256:38d0f784644ed493d91f76b5333a0e370a1c1bc97c22068a77523b4bf1e82c31", size = 1519168 }
wheels = [
    { url = "https://files.pythonhosted.org/packages/99/62/42199570fc199cc0f6825d746ddb0183b30739b334dc6d85edeaa8a2073c/pylint-3.3.5-py3-none-any.whl", hash = "sha256:7cb170929a371238530b2eeea09f5f28236d106b70308c3d46a9c0cf11634633", size = 522215 },
]

[[package]]
name = "pylint-per-file-ignores"
version = "1.4.0"
source = { registry = "https://pypi.org/simple" }
sdist = { url = "https://files.pythonhosted.org/packages/a5/3d/21bec2f2f432519616c34a64ba0766ef972fdfb6234a86bb1b8baf4b0c7c/pylint_per_file_ignores-1.4.0.tar.gz", hash = "sha256:c0de7b3d0169571aefaa1ac3a82a265641b8825b54a0b6f5ef27c3b76b988609", size = 4419 }
wheels = [
    { url = "https://files.pythonhosted.org/packages/94/0e/bf3473d86648a17e6dd6ee9e6abce526b077169031177f4f2031368f864a/pylint_per_file_ignores-1.4.0-py3-none-any.whl", hash = "sha256:0cd82d22551738b4e63a0aa1dab2a1fc4016e8f27f1429159616483711e122fd", size = 4888 },
]

[[package]]
name = "pytest"
version = "8.3.5"
source = { registry = "https://pypi.org/simple" }
dependencies = [
    { name = "colorama", marker = "sys_platform == 'win32'" },
    { name = "iniconfig" },
    { name = "packaging" },
    { name = "pluggy" },
]
sdist = { url = "https://files.pythonhosted.org/packages/ae/3c/c9d525a414d506893f0cd8a8d0de7706446213181570cdbd766691164e40/pytest-8.3.5.tar.gz", hash = "sha256:f4efe70cc14e511565ac476b57c279e12a855b11f48f212af1080ef2263d3845", size = 1450891 }
wheels = [
    { url = "https://files.pythonhosted.org/packages/30/3d/64ad57c803f1fa1e963a7946b6e0fea4a70df53c1a7fed304586539c2bac/pytest-8.3.5-py3-none-any.whl", hash = "sha256:c69214aa47deac29fad6c2a4f590b9c4a9fdb16a403176fe154b79c0b4d4d820", size = 343634 },
]

[[package]]
name = "pytest-cov"
version = "6.0.0"
source = { registry = "https://pypi.org/simple" }
dependencies = [
    { name = "coverage" },
    { name = "pytest" },
]
sdist = { url = "https://files.pythonhosted.org/packages/be/45/9b538de8cef30e17c7b45ef42f538a94889ed6a16f2387a6c89e73220651/pytest-cov-6.0.0.tar.gz", hash = "sha256:fde0b595ca248bb8e2d76f020b465f3b107c9632e6a1d1705f17834c89dcadc0", size = 66945 }
wheels = [
    { url = "https://files.pythonhosted.org/packages/36/3b/48e79f2cd6a61dbbd4807b4ed46cb564b4fd50a76166b1c4ea5c1d9e2371/pytest_cov-6.0.0-py3-none-any.whl", hash = "sha256:eee6f1b9e61008bd34975a4d5bab25801eb31898b032dd55addc93e96fcaaa35", size = 22949 },
]

[[package]]
name = "pyyaml"
version = "6.0.2"
source = { registry = "https://pypi.org/simple" }
sdist = { url = "https://files.pythonhosted.org/packages/54/ed/79a089b6be93607fa5cdaedf301d7dfb23af5f25c398d5ead2525b063e17/pyyaml-6.0.2.tar.gz", hash = "sha256:d584d9ec91ad65861cc08d42e834324ef890a082e591037abe114850ff7bbc3e", size = 130631 }
wheels = [
    { url = "https://files.pythonhosted.org/packages/86/0c/c581167fc46d6d6d7ddcfb8c843a4de25bdd27e4466938109ca68492292c/PyYAML-6.0.2-cp312-cp312-macosx_10_9_x86_64.whl", hash = "sha256:c70c95198c015b85feafc136515252a261a84561b7b1d51e3384e0655ddf25ab", size = 183873 },
    { url = "https://files.pythonhosted.org/packages/a8/0c/38374f5bb272c051e2a69281d71cba6fdb983413e6758b84482905e29a5d/PyYAML-6.0.2-cp312-cp312-macosx_11_0_arm64.whl", hash = "sha256:ce826d6ef20b1bc864f0a68340c8b3287705cae2f8b4b1d932177dcc76721725", size = 173302 },
    { url = "https://files.pythonhosted.org/packages/c3/93/9916574aa8c00aa06bbac729972eb1071d002b8e158bd0e83a3b9a20a1f7/PyYAML-6.0.2-cp312-cp312-manylinux_2_17_aarch64.manylinux2014_aarch64.whl", hash = "sha256:1f71ea527786de97d1a0cc0eacd1defc0985dcf6b3f17bb77dcfc8c34bec4dc5", size = 739154 },
    { url = "https://files.pythonhosted.org/packages/95/0f/b8938f1cbd09739c6da569d172531567dbcc9789e0029aa070856f123984/PyYAML-6.0.2-cp312-cp312-manylinux_2_17_s390x.manylinux2014_s390x.whl", hash = "sha256:9b22676e8097e9e22e36d6b7bda33190d0d400f345f23d4065d48f4ca7ae0425", size = 766223 },
    { url = "https://files.pythonhosted.org/packages/b9/2b/614b4752f2e127db5cc206abc23a8c19678e92b23c3db30fc86ab731d3bd/PyYAML-6.0.2-cp312-cp312-manylinux_2_17_x86_64.manylinux2014_x86_64.whl", hash = "sha256:80bab7bfc629882493af4aa31a4cfa43a4c57c83813253626916b8c7ada83476", size = 767542 },
    { url = "https://files.pythonhosted.org/packages/d4/00/dd137d5bcc7efea1836d6264f049359861cf548469d18da90cd8216cf05f/PyYAML-6.0.2-cp312-cp312-musllinux_1_1_aarch64.whl", hash = "sha256:0833f8694549e586547b576dcfaba4a6b55b9e96098b36cdc7ebefe667dfed48", size = 731164 },
    { url = "https://files.pythonhosted.org/packages/c9/1f/4f998c900485e5c0ef43838363ba4a9723ac0ad73a9dc42068b12aaba4e4/PyYAML-6.0.2-cp312-cp312-musllinux_1_1_x86_64.whl", hash = "sha256:8b9c7197f7cb2738065c481a0461e50ad02f18c78cd75775628afb4d7137fb3b", size = 756611 },
    { url = "https://files.pythonhosted.org/packages/df/d1/f5a275fdb252768b7a11ec63585bc38d0e87c9e05668a139fea92b80634c/PyYAML-6.0.2-cp312-cp312-win32.whl", hash = "sha256:ef6107725bd54b262d6dedcc2af448a266975032bc85ef0172c5f059da6325b4", size = 140591 },
    { url = "https://files.pythonhosted.org/packages/0c/e8/4f648c598b17c3d06e8753d7d13d57542b30d56e6c2dedf9c331ae56312e/PyYAML-6.0.2-cp312-cp312-win_amd64.whl", hash = "sha256:7e7401d0de89a9a855c839bc697c079a4af81cf878373abd7dc625847d25cbd8", size = 156338 },
    { url = "https://files.pythonhosted.org/packages/ef/e3/3af305b830494fa85d95f6d95ef7fa73f2ee1cc8ef5b495c7c3269fb835f/PyYAML-6.0.2-cp313-cp313-macosx_10_13_x86_64.whl", hash = "sha256:efdca5630322a10774e8e98e1af481aad470dd62c3170801852d752aa7a783ba", size = 181309 },
    { url = "https://files.pythonhosted.org/packages/45/9f/3b1c20a0b7a3200524eb0076cc027a970d320bd3a6592873c85c92a08731/PyYAML-6.0.2-cp313-cp313-macosx_11_0_arm64.whl", hash = "sha256:50187695423ffe49e2deacb8cd10510bc361faac997de9efef88badc3bb9e2d1", size = 171679 },
    { url = "https://files.pythonhosted.org/packages/7c/9a/337322f27005c33bcb656c655fa78325b730324c78620e8328ae28b64d0c/PyYAML-6.0.2-cp313-cp313-manylinux_2_17_aarch64.manylinux2014_aarch64.whl", hash = "sha256:0ffe8360bab4910ef1b9e87fb812d8bc0a308b0d0eef8c8f44e0254ab3b07133", size = 733428 },
    { url = "https://files.pythonhosted.org/packages/a3/69/864fbe19e6c18ea3cc196cbe5d392175b4cf3d5d0ac1403ec3f2d237ebb5/PyYAML-6.0.2-cp313-cp313-manylinux_2_17_s390x.manylinux2014_s390x.whl", hash = "sha256:17e311b6c678207928d649faa7cb0d7b4c26a0ba73d41e99c4fff6b6c3276484", size = 763361 },
    { url = "https://files.pythonhosted.org/packages/04/24/b7721e4845c2f162d26f50521b825fb061bc0a5afcf9a386840f23ea19fa/PyYAML-6.0.2-cp313-cp313-manylinux_2_17_x86_64.manylinux2014_x86_64.whl", hash = "sha256:70b189594dbe54f75ab3a1acec5f1e3faa7e8cf2f1e08d9b561cb41b845f69d5", size = 759523 },
    { url = "https://files.pythonhosted.org/packages/2b/b2/e3234f59ba06559c6ff63c4e10baea10e5e7df868092bf9ab40e5b9c56b6/PyYAML-6.0.2-cp313-cp313-musllinux_1_1_aarch64.whl", hash = "sha256:41e4e3953a79407c794916fa277a82531dd93aad34e29c2a514c2c0c5fe971cc", size = 726660 },
    { url = "https://files.pythonhosted.org/packages/fe/0f/25911a9f080464c59fab9027482f822b86bf0608957a5fcc6eaac85aa515/PyYAML-6.0.2-cp313-cp313-musllinux_1_1_x86_64.whl", hash = "sha256:68ccc6023a3400877818152ad9a1033e3db8625d899c72eacb5a668902e4d652", size = 751597 },
    { url = "https://files.pythonhosted.org/packages/14/0d/e2c3b43bbce3cf6bd97c840b46088a3031085179e596d4929729d8d68270/PyYAML-6.0.2-cp313-cp313-win32.whl", hash = "sha256:bc2fa7c6b47d6bc618dd7fb02ef6fdedb1090ec036abab80d4681424b84c1183", size = 140527 },
    { url = "https://files.pythonhosted.org/packages/fa/de/02b54f42487e3d3c6efb3f89428677074ca7bf43aae402517bc7cca949f3/PyYAML-6.0.2-cp313-cp313-win_amd64.whl", hash = "sha256:8388ee1976c416731879ac16da0aff3f63b286ffdd57cdeb95f3f2e085687563", size = 156446 },
]

[[package]]
name = "syrupy"
version = "4.9.0"
source = { registry = "https://pypi.org/simple" }
dependencies = [
    { name = "pytest" },
]
sdist = { url = "https://files.pythonhosted.org/packages/8f/47/821aad6be7a3ee5ef590369dab1ba9f969aad0ca1d8e92ef28d737d056ba/syrupy-4.9.0.tar.gz", hash = "sha256:7bd822492a6fa9f6f98832c2ca24f513b3e69a5690f4b2166bdb3b3941eef767", size = 52304 }
wheels = [
    { url = "https://files.pythonhosted.org/packages/14/78/1e7aee4498f79624f85a6480eb8bc04bacb729c30336bc61b384c6ce4998/syrupy-4.9.0-py3-none-any.whl", hash = "sha256:3028d60188df9b39079678501be7d72fe64d32e2bb53d78df87f5a84bde94d76", size = 52045 },
]

[[package]]
name = "tomlkit"
version = "0.13.2"
source = { registry = "https://pypi.org/simple" }
sdist = { url = "https://files.pythonhosted.org/packages/b1/09/a439bec5888f00a54b8b9f05fa94d7f901d6735ef4e55dcec9bc37b5d8fa/tomlkit-0.13.2.tar.gz", hash = "sha256:fff5fe59a87295b278abd31bec92c15d9bc4a06885ab12bcea52c71119392e79", size = 192885 }
wheels = [
    { url = "https://files.pythonhosted.org/packages/f9/b6/a447b5e4ec71e13871be01ba81f5dfc9d0af7e473da256ff46bc0e24026f/tomlkit-0.13.2-py3-none-any.whl", hash = "sha256:7a974427f6e119197f670fbbbeae7bef749a6c14e793db934baefc1b5f03efde", size = 37955 },
]

[[package]]
name = "typing-extensions"
version = "4.12.2"
source = { registry = "https://pypi.org/simple" }
sdist = { url = "https://files.pythonhosted.org/packages/df/db/f35a00659bc03fec321ba8bce9420de607a1d37f8342eee1863174c69557/typing_extensions-4.12.2.tar.gz", hash = "sha256:1a7ead55c7e559dd4dee8856e3a88b41225abfe1ce8df57b7c13915fe121ffb8", size = 85321 }
wheels = [
    { url = "https://files.pythonhosted.org/packages/26/9f/ad63fc0248c5379346306f8668cda6e2e2e9c95e01216d2b8ffd9ff037d0/typing_extensions-4.12.2-py3-none-any.whl", hash = "sha256:04e5ca0351e0f3f85c6853954072df659d0d13fac324d0072316b67d7794700d", size = 37438 },
]

[[package]]
name = "virtualenv"
version = "20.29.3"
source = { registry = "https://pypi.org/simple" }
dependencies = [
    { name = "distlib" },
    { name = "filelock" },
    { name = "platformdirs" },
]
sdist = { url = "https://files.pythonhosted.org/packages/c7/9c/57d19fa093bcf5ac61a48087dd44d00655f85421d1aa9722f8befbf3f40a/virtualenv-20.29.3.tar.gz", hash = "sha256:95e39403fcf3940ac45bc717597dba16110b74506131845d9b687d5e73d947ac", size = 4320280 }
wheels = [
    { url = "https://files.pythonhosted.org/packages/c2/eb/c6db6e3001d58c6a9e67c74bb7b4206767caa3ccc28c6b9eaf4c23fb4e34/virtualenv-20.29.3-py3-none-any.whl", hash = "sha256:3e3d00f5807e83b234dfb6122bf37cfadf4be216c53a49ac059d02414f819170", size = 4301458 },
]

[[package]]
name = "webrtc-models"
version = "0.0.0"
source = { editable = "." }
dependencies = [
    { name = "mashumaro" },
    { name = "orjson" },
]

[package.dev-dependencies]
dev = [
    { name = "covdefaults" },
    { name = "mypy" },
    { name = "pre-commit" },
    { name = "pylint" },
    { name = "pylint-per-file-ignores" },
    { name = "pytest" },
    { name = "pytest-cov" },
    { name = "syrupy" },
]

[package.metadata]
requires-dist = [
    { name = "mashumaro", specifier = "~=3.13" },
    { name = "orjson", specifier = ">=3.10.7" },
]

[package.metadata.requires-dev]
dev = [
    { name = "covdefaults", specifier = ">=2.3.0" },
    { name = "mypy", specifier = "==1.15.0" },
    { name = "pre-commit", specifier = "==4.1.0" },
    { name = "pylint", specifier = "==3.3.5" },
    { name = "pylint-per-file-ignores", specifier = ">=1.3.2" },
    { name = "pytest", specifier = "==8.3.5" },
    { name = "pytest-cov", specifier = "==6.0.0" },
    { name = "syrupy", specifier = ">=4.7.1" },
]
